
Microsoft Visual Studio Solution File, Format Version 12.00
# Visual Studio 15
VisualStudioVersion = 15.0.27428.2005
MinimumVisualStudioVersion = 10.0.40219.1
Project("{FAE04EC0-301F-11D3-BF4B-00C04F79EFBC}") = "Suportte", "Suportte.csproj", "{C047147D-251D-479E-8C2D-AD59C6AC9DD2}"
EndProject
Global
	GlobalSection(SolutionConfigurationPlatforms) = preSolution
		Debug|Any CPU = Debug|Any CPU
		Release|Any CPU = Release|Any CPU
	EndGlobalSection
	GlobalSection(ProjectConfigurationPlatforms) = postSolution
		{C047147D-251D-479E-8C2D-AD59C6AC9DD2}.Debug|Any CPU.ActiveCfg = Debug|Any CPU
		{C047147D-251D-479E-8C2D-AD59C6AC9DD2}.Debug|Any CPU.Build.0 = Debug|Any CPU
		{C047147D-251D-479E-8C2D-AD59C6AC9DD2}.Release|Any CPU.ActiveCfg = Release|Any CPU
		{C047147D-251D-479E-8C2D-AD59C6AC9DD2}.Release|Any CPU.Build.0 = Release|Any CPU
	EndGlobalSection
	GlobalSection(SolutionProperties) = preSolution
		HideSolutionNode = FALSE
	EndGlobalSection
	GlobalSection(ExtensibilityGlobals) = postSolution
		SolutionGuid = {9C104663-B512-45D8-8D6E-479D591146FD}
	EndGlobalSection
EndGlobal
